
Microsoft Visual Studio Solution File, Format Version 12.00
# Visual Studio Version 16
VisualStudioVersion = 16.0.34031.81
MinimumVisualStudioVersion = 10.0.40219.1
Project("{9A19103F-16F7-4668-BE54-9A1E7A4F7556}") = "PassengerManagement", "PassengerManagement\PassengerManagement.csproj", "{4952FF18-562B-4C8A-8FFA-48B595509634}"
EndProject
Project("{9A19103F-16F7-4668-BE54-9A1E7A4F7556}") = "PassengerManagement.Tests", "PassengerManagement.Tests\PassengerManagement.Tests.csproj", "{7DAFF0D1-4F7D-430C-A4E8-2DBD2ADF66DB}"
EndProject
Project("{FAE04EC0-301F-11D3-BF4B-00C04F79EFBC}") = "PassengerManagement.Batch", "PassengerManagement.Batch\PassengerManagement.Batch.csproj", "{F409FBD4-E14A-46F9-8305-57246E9A8D02}"
EndProject
Global
	GlobalSection(SolutionConfigurationPlatforms) = preSolution
		Debug|Any CPU = Debug|Any CPU
		Release|Any CPU = Release|Any CPU
	EndGlobalSection
	GlobalSection(ProjectConfigurationPlatforms) = postSolution
		{4952FF18-562B-4C8A-8FFA-48B595509634}.Debug|Any CPU.ActiveCfg = Debug|Any CPU
		{4952FF18-562B-4C8A-8FFA-48B595509634}.Debug|Any CPU.Build.0 = Debug|Any CPU
		{4952FF18-562B-4C8A-8FFA-48B595509634}.Release|Any CPU.ActiveCfg = Release|Any CPU
		{4952FF18-562B-4C8A-8FFA-48B595509634}.Release|Any CPU.Build.0 = Release|Any CPU
		{7DAFF0D1-4F7D-430C-A4E8-2DBD2ADF66DB}.Debug|Any CPU.ActiveCfg = Debug|Any CPU
		{7DAFF0D1-4F7D-430C-A4E8-2DBD2ADF66DB}.Debug|Any CPU.Build.0 = Debug|Any CPU
		{7DAFF0D1-4F7D-430C-A4E8-2DBD2ADF66DB}.Release|Any CPU.ActiveCfg = Release|Any CPU
		{7DAFF0D1-4F7D-430C-A4E8-2DBD2ADF66DB}.Release|Any CPU.Build.0 = Release|Any CPU
		{F409FBD4-E14A-46F9-8305-57246E9A8D02}.Debug|Any CPU.ActiveCfg = Debug|Any CPU
		{F409FBD4-E14A-46F9-8305-57246E9A8D02}.Debug|Any CPU.Build.0 = Debug|Any CPU
		{F409FBD4-E14A-46F9-8305-57246E9A8D02}.Release|Any CPU.ActiveCfg = Release|Any CPU
		{F409FBD4-E14A-46F9-8305-57246E9A8D02}.Release|Any CPU.Build.0 = Release|Any CPU
	EndGlobalSection
	GlobalSection(SolutionProperties) = preSolution
		HideSolutionNode = FALSE
	EndGlobalSection
	GlobalSection(ExtensibilityGlobals) = postSolution
		SolutionGuid = {B72A5FA3-E15A-4607-A39B-CAB6CFD49844}
	EndGlobalSection
EndGlobal
